
Microsoft Visual Studio Solution File, Format Version 12.00
# Visual Studio Version 17
VisualStudioVersion = 17.10.34607.79
MinimumVisualStudioVersion = 10.0.40219.1
Project("{2150E333-8FDC-42A3-9474-1A3956D46DE8}") = "FrontEnd", "FrontEnd", "{380F6060-8921-4990-9FE7-48B62ADF773A}"
EndProject
Project("{9A19103F-16F7-4668-BE54-9A1E7A4F7556}") = "GeekShopping.Web", "GeekShopping.Web\GeekShopping.Web.csproj", "{A1083676-51A2-4EB7-875A-825D886F1503}"
EndProject
Project("{2150E333-8FDC-42A3-9474-1A3956D46DE8}") = "Services", "Services", "{FFBD543F-23F6-4845-A2E9-56B73176555A}"
EndProject
Project("{FAE04EC0-301F-11D3-BF4B-00C04F79EFBC}") = "GeekShoppingProductAPI", "GeekShoppingProductAPI\GeekShoppingProductAPI.csproj", "{6F98CE8A-4377-4B52-8EF8-866129F57EC2}"
EndProject
Global
	GlobalSection(SolutionConfigurationPlatforms) = preSolution
		Debug|Any CPU = Debug|Any CPU
		Release|Any CPU = Release|Any CPU
	EndGlobalSection
	GlobalSection(ProjectConfigurationPlatforms) = postSolution
		{A1083676-51A2-4EB7-875A-825D886F1503}.Debug|Any CPU.ActiveCfg = Debug|Any CPU
		{A1083676-51A2-4EB7-875A-825D886F1503}.Debug|Any CPU.Build.0 = Debug|Any CPU
		{A1083676-51A2-4EB7-875A-825D886F1503}.Release|Any CPU.ActiveCfg = Release|Any CPU
		{A1083676-51A2-4EB7-875A-825D886F1503}.Release|Any CPU.Build.0 = Release|Any CPU
		{6F98CE8A-4377-4B52-8EF8-866129F57EC2}.Debug|Any CPU.ActiveCfg = Debug|Any CPU
		{6F98CE8A-4377-4B52-8EF8-866129F57EC2}.Debug|Any CPU.Build.0 = Debug|Any CPU
		{6F98CE8A-4377-4B52-8EF8-866129F57EC2}.Release|Any CPU.ActiveCfg = Release|Any CPU
		{6F98CE8A-4377-4B52-8EF8-866129F57EC2}.Release|Any CPU.Build.0 = Release|Any CPU
	EndGlobalSection
	GlobalSection(SolutionProperties) = preSolution
		HideSolutionNode = FALSE
	EndGlobalSection
	GlobalSection(NestedProjects) = preSolution
		{A1083676-51A2-4EB7-875A-825D886F1503} = {380F6060-8921-4990-9FE7-48B62ADF773A}
		{6F98CE8A-4377-4B52-8EF8-866129F57EC2} = {FFBD543F-23F6-4845-A2E9-56B73176555A}
	EndGlobalSection
	GlobalSection(ExtensibilityGlobals) = postSolution
		SolutionGuid = {08FD8CB8-5078-4661-9622-DDE6B2638BFF}
	EndGlobalSection
EndGlobal
